
Microsoft Visual Studio Solution File, Format Version 12.00
# Visual Studio Version 17
VisualStudioVersion = 17.4.33205.214
MinimumVisualStudioVersion = 10.0.40219.1
Project("{2150E333-8FDC-42A3-9474-1A3956D46DE8}") = "Solution Items", "Solution Items", "{D0390E45-2678-4726-B098-8C7BBA7C5194}"
EndProject
Project("{2150E333-8FDC-42A3-9474-1A3956D46DE8}") = "Source", "Source", "{F8DA2397-E1D2-4F88-9002-FE1AA8FF62C4}"
EndProject
Project("{2150E333-8FDC-42A3-9474-1A3956D46DE8}") = "Web", "Web", "{90C8F030-05C0-4029-B707-C724483E46D2}"
EndProject
Project("{2150E333-8FDC-42A3-9474-1A3956D46DE8}") = "Core", "Core", "{35778763-131A-4C1A-A569-92309C6553E7}"
EndProject
Project("{2150E333-8FDC-42A3-9474-1A3956D46DE8}") = "Tests", "Tests", "{306CF89F-FF42-4567-97FF-F98FE442221D}"
EndProject
Project("{9A19103F-16F7-4668-BE54-9A1E7A4F7556}") = "Application", "Source\Core\Application\Application.csproj", "{2FC770AC-53ED-4956-8E77-7A6CE7D2CCB6}"
EndProject
Project("{9A19103F-16F7-4668-BE54-9A1E7A4F7556}") = "Domain", "Source\Core\Domain\Domain.csproj", "{50133E28-F143-476D-9A4B-79C4B141CE8C}"
EndProject
Project("{2150E333-8FDC-42A3-9474-1A3956D46DE8}") = "Infrastructure", "Infrastructure", "{E17E690E-460D-4A00-81CF-8A0954FA6156}"
EndProject
Project("{9A19103F-16F7-4668-BE54-9A1E7A4F7556}") = "Infrastructure", "Source\Infrastructure\Infrastructure\Infrastructure.csproj", "{BC920CBC-7250-452B-B3DD-FC25B003D533}"
EndProject
Project("{9A19103F-16F7-4668-BE54-9A1E7A4F7556}") = "YZPortal.API", "Source\Web\YZPortal.API\YZPortal.API.csproj", "{2BD2560D-E9DC-431F-A138-3F1B44E6D24E}"
EndProject
Project("{9A19103F-16F7-4668-BE54-9A1E7A4F7556}") = "YZPortal.Client", "Source\Web\YZPortal.Client\YZPortal.Client.csproj", "{E1E5E36D-1FCE-4793-B43C-F837072DD9D2}"
EndProject
Project("{9A19103F-16F7-4668-BE54-9A1E7A4F7556}") = "Application.UnitTests", "Tests\Application.UnitTests\Application.UnitTests.csproj", "{AEE43505-DCB9-4D80-ADBA-D948D3E04AEC}"
EndProject
Project("{FAE04EC0-301F-11D3-BF4B-00C04F79EFBC}") = "YZPortalV8.Client", "Source\Web\YZPortalV8.Client\YZPortalV8.Client.csproj", "{AA4134BC-5EE5-4D9E-B138-4090BC91C21B}"
EndProject
Global
	GlobalSection(SolutionConfigurationPlatforms) = preSolution
		Debug|Any CPU = Debug|Any CPU
		Release|Any CPU = Release|Any CPU
	EndGlobalSection
	GlobalSection(ProjectConfigurationPlatforms) = postSolution
		{2FC770AC-53ED-4956-8E77-7A6CE7D2CCB6}.Debug|Any CPU.ActiveCfg = Debug|Any CPU
		{2FC770AC-53ED-4956-8E77-7A6CE7D2CCB6}.Debug|Any CPU.Build.0 = Debug|Any CPU
		{2FC770AC-53ED-4956-8E77-7A6CE7D2CCB6}.Release|Any CPU.ActiveCfg = Release|Any CPU
		{2FC770AC-53ED-4956-8E77-7A6CE7D2CCB6}.Release|Any CPU.Build.0 = Release|Any CPU
		{50133E28-F143-476D-9A4B-79C4B141CE8C}.Debug|Any CPU.ActiveCfg = Debug|Any CPU
		{50133E28-F143-476D-9A4B-79C4B141CE8C}.Debug|Any CPU.Build.0 = Debug|Any CPU
		{50133E28-F143-476D-9A4B-79C4B141CE8C}.Release|Any CPU.ActiveCfg = Release|Any CPU
		{50133E28-F143-476D-9A4B-79C4B141CE8C}.Release|Any CPU.Build.0 = Release|Any CPU
		{BC920CBC-7250-452B-B3DD-FC25B003D533}.Debug|Any CPU.ActiveCfg = Debug|Any CPU
		{BC920CBC-7250-452B-B3DD-FC25B003D533}.Debug|Any CPU.Build.0 = Debug|Any CPU
		{BC920CBC-7250-452B-B3DD-FC25B003D533}.Release|Any CPU.ActiveCfg = Release|Any CPU
		{BC920CBC-7250-452B-B3DD-FC25B003D533}.Release|Any CPU.Build.0 = Release|Any CPU
		{2BD2560D-E9DC-431F-A138-3F1B44E6D24E}.Debug|Any CPU.ActiveCfg = Debug|Any CPU
		{2BD2560D-E9DC-431F-A138-3F1B44E6D24E}.Debug|Any CPU.Build.0 = Debug|Any CPU
		{2BD2560D-E9DC-431F-A138-3F1B44E6D24E}.Release|Any CPU.ActiveCfg = Release|Any CPU
		{2BD2560D-E9DC-431F-A138-3F1B44E6D24E}.Release|Any CPU.Build.0 = Release|Any CPU
		{E1E5E36D-1FCE-4793-B43C-F837072DD9D2}.Debug|Any CPU.ActiveCfg = Debug|Any CPU
		{E1E5E36D-1FCE-4793-B43C-F837072DD9D2}.Debug|Any CPU.Build.0 = Debug|Any CPU
		{E1E5E36D-1FCE-4793-B43C-F837072DD9D2}.Release|Any CPU.ActiveCfg = Release|Any CPU
		{E1E5E36D-1FCE-4793-B43C-F837072DD9D2}.Release|Any CPU.Build.0 = Release|Any CPU
		{AEE43505-DCB9-4D80-ADBA-D948D3E04AEC}.Debug|Any CPU.ActiveCfg = Debug|Any CPU
		{AEE43505-DCB9-4D80-ADBA-D948D3E04AEC}.Debug|Any CPU.Build.0 = Debug|Any CPU
		{AEE43505-DCB9-4D80-ADBA-D948D3E04AEC}.Release|Any CPU.ActiveCfg = Release|Any CPU
		{AEE43505-DCB9-4D80-ADBA-D948D3E04AEC}.Release|Any CPU.Build.0 = Release|Any CPU
		{AA4134BC-5EE5-4D9E-B138-4090BC91C21B}.Debug|Any CPU.ActiveCfg = Debug|Any CPU
		{AA4134BC-5EE5-4D9E-B138-4090BC91C21B}.Debug|Any CPU.Build.0 = Debug|Any CPU
		{AA4134BC-5EE5-4D9E-B138-4090BC91C21B}.Release|Any CPU.ActiveCfg = Release|Any CPU
		{AA4134BC-5EE5-4D9E-B138-4090BC91C21B}.Release|Any CPU.Build.0 = Release|Any CPU
	EndGlobalSection
	GlobalSection(SolutionProperties) = preSolution
		HideSolutionNode = FALSE
	EndGlobalSection
	GlobalSection(NestedProjects) = preSolution
		{90C8F030-05C0-4029-B707-C724483E46D2} = {F8DA2397-E1D2-4F88-9002-FE1AA8FF62C4}
		{35778763-131A-4C1A-A569-92309C6553E7} = {F8DA2397-E1D2-4F88-9002-FE1AA8FF62C4}
		{2FC770AC-53ED-4956-8E77-7A6CE7D2CCB6} = {35778763-131A-4C1A-A569-92309C6553E7}
		{50133E28-F143-476D-9A4B-79C4B141CE8C} = {35778763-131A-4C1A-A569-92309C6553E7}
		{E17E690E-460D-4A00-81CF-8A0954FA6156} = {F8DA2397-E1D2-4F88-9002-FE1AA8FF62C4}
		{BC920CBC-7250-452B-B3DD-FC25B003D533} = {E17E690E-460D-4A00-81CF-8A0954FA6156}
		{2BD2560D-E9DC-431F-A138-3F1B44E6D24E} = {90C8F030-05C0-4029-B707-C724483E46D2}
		{E1E5E36D-1FCE-4793-B43C-F837072DD9D2} = {90C8F030-05C0-4029-B707-C724483E46D2}
		{AEE43505-DCB9-4D80-ADBA-D948D3E04AEC} = {306CF89F-FF42-4567-97FF-F98FE442221D}
		{AA4134BC-5EE5-4D9E-B138-4090BC91C21B} = {90C8F030-05C0-4029-B707-C724483E46D2}
	EndGlobalSection
	GlobalSection(ExtensibilityGlobals) = postSolution
		SolutionGuid = {D507CA90-D13C-43DE-9C4C-D539972D8A4E}
	EndGlobalSection
EndGlobal
